
Microsoft Visual Studio Solution File, Format Version 12.00
Project("{FAE04EC0-301F-11D3-BF4B-00C04F79EFBC}") = "Plugin.DiscordPresence", "Plugin.DiscordPresence.csproj", "{99437FF3-2421-4BBE-81C2-4777EB11561A}"
EndProject
Global
	GlobalSection(SolutionConfigurationPlatforms) = preSolution
		Debug|Any CPU = Debug|Any CPU
		Release|Any CPU = Release|Any CPU
	EndGlobalSection
	GlobalSection(ProjectConfigurationPlatforms) = postSolution
		{99437FF3-2421-4BBE-81C2-4777EB11561A}.Debug|Any CPU.ActiveCfg = Debug|Any CPU
		{99437FF3-2421-4BBE-81C2-4777EB11561A}.Debug|Any CPU.Build.0 = Debug|Any CPU
		{99437FF3-2421-4BBE-81C2-4777EB11561A}.Release|Any CPU.ActiveCfg = Release|Any CPU
		{99437FF3-2421-4BBE-81C2-4777EB11561A}.Release|Any CPU.Build.0 = Release|Any CPU
	EndGlobalSection
EndGlobal
